
Microsoft Visual Studio Solution File, Format Version 12.00
# Visual Studio 15
VisualStudioVersion = 15.0.28307.705
MinimumVisualStudioVersion = 10.0.40219.1
Project("{9A19103F-16F7-4668-BE54-9A1E7A4F7556}") = "Shop.Api", "all.shop.app\Shop.Api.csproj", "{8A0C2810-BD5A-496E-A2B4-A3EA244D727B}"
EndProject
Project("{2150E333-8FDC-42A3-9474-1A3956D46DE8}") = "1 - Aquitectura", "1 - Aquitectura", "{B2BBA8EE-F491-48AB-9E4C-AB246DE64F02}"
EndProject
Project("{2150E333-8FDC-42A3-9474-1A3956D46DE8}") = "1.1 Distributed Services", "1.1 Distributed Services", "{9F3995E6-8B0E-40A3-B7DA-1DF7B8AE4717}"
EndProject
Project("{2150E333-8FDC-42A3-9474-1A3956D46DE8}") = "1.2 Aplicacion", "1.2 Aplicacion", "{E537453D-591E-4F49-A6B4-10D487226A5C}"
EndProject
Project("{2150E333-8FDC-42A3-9474-1A3956D46DE8}") = "1.3 BusinessDominioNegocio", "1.3 BusinessDominioNegocio", "{7745D185-BF30-4A30-91DE-4F9896600AE8}"
EndProject
Project("{2150E333-8FDC-42A3-9474-1A3956D46DE8}") = "1.4 DataAccess", "1.4 DataAccess", "{744442C0-4AB6-4E96-B6A3-9E47137EDAAC}"
EndProject
Project("{2150E333-8FDC-42A3-9474-1A3956D46DE8}") = "1.5 Cross-Cutting", "1.5 Cross-Cutting", "{43BC1D8B-09C3-4DD5-B7DC-C84D84F093D9}"
EndProject
Project("{9A19103F-16F7-4668-BE54-9A1E7A4F7556}") = "Shop.Api.Application", "Shop.Api.Application\Shop.Api.Application.csproj", "{E1D9B6A5-D8AB-4649-ACA7-94A7D2F0E03E}"
EndProject
Project("{9A19103F-16F7-4668-BE54-9A1E7A4F7556}") = "Shop.Api.Application.Contracts", "Shop.Api.Application.Contracts\Shop.Api.Application.Contracts.csproj", "{E79B5923-AABD-42E2-A0B3-DCD64DC9EF3A}"
EndProject
Project("{9A19103F-16F7-4668-BE54-9A1E7A4F7556}") = "Shop.Api.Business", "Shop.Api.Business\Shop.Api.Business.csproj", "{541EF360-565A-4980-A71E-7AB1031A1F22}"
EndProject
Project("{9A19103F-16F7-4668-BE54-9A1E7A4F7556}") = "Shop.Api.DataAccess", "Shop.Api.DataAccess\Shop.Api.DataAccess.csproj", "{E177526B-ADE7-4FA0-A2AB-8CA67514AA59}"
EndProject
Project("{9A19103F-16F7-4668-BE54-9A1E7A4F7556}") = "Shop.Api.CrossCutting", "Shop.Api.CrossCutting\Shop.Api.CrossCutting.csproj", "{0B6A35F2-08AF-472C-91FE-0F75C1144D0F}"
EndProject
Project("{9A19103F-16F7-4668-BE54-9A1E7A4F7556}") = "Shop.Api.DataAccess.Contracts", "Shop.Api.DataAccessContracts\Shop.Api.DataAccess.Contracts.csproj", "{DCB4DE85-7C46-4AC0-8A9B-0607CA790F56}"
EndProject
Global
	GlobalSection(SolutionConfigurationPlatforms) = preSolution
		Debug|Any CPU = Debug|Any CPU
		Release|Any CPU = Release|Any CPU
	EndGlobalSection
	GlobalSection(ProjectConfigurationPlatforms) = postSolution
		{8A0C2810-BD5A-496E-A2B4-A3EA244D727B}.Debug|Any CPU.ActiveCfg = Debug|Any CPU
		{8A0C2810-BD5A-496E-A2B4-A3EA244D727B}.Debug|Any CPU.Build.0 = Debug|Any CPU
		{8A0C2810-BD5A-496E-A2B4-A3EA244D727B}.Release|Any CPU.ActiveCfg = Release|Any CPU
		{8A0C2810-BD5A-496E-A2B4-A3EA244D727B}.Release|Any CPU.Build.0 = Release|Any CPU
		{E1D9B6A5-D8AB-4649-ACA7-94A7D2F0E03E}.Debug|Any CPU.ActiveCfg = Debug|Any CPU
		{E1D9B6A5-D8AB-4649-ACA7-94A7D2F0E03E}.Debug|Any CPU.Build.0 = Debug|Any CPU
		{E1D9B6A5-D8AB-4649-ACA7-94A7D2F0E03E}.Release|Any CPU.ActiveCfg = Release|Any CPU
		{E1D9B6A5-D8AB-4649-ACA7-94A7D2F0E03E}.Release|Any CPU.Build.0 = Release|Any CPU
		{E79B5923-AABD-42E2-A0B3-DCD64DC9EF3A}.Debug|Any CPU.ActiveCfg = Debug|Any CPU
		{E79B5923-AABD-42E2-A0B3-DCD64DC9EF3A}.Debug|Any CPU.Build.0 = Debug|Any CPU
		{E79B5923-AABD-42E2-A0B3-DCD64DC9EF3A}.Release|Any CPU.ActiveCfg = Release|Any CPU
		{E79B5923-AABD-42E2-A0B3-DCD64DC9EF3A}.Release|Any CPU.Build.0 = Release|Any CPU
		{541EF360-565A-4980-A71E-7AB1031A1F22}.Debug|Any CPU.ActiveCfg = Debug|Any CPU
		{541EF360-565A-4980-A71E-7AB1031A1F22}.Debug|Any CPU.Build.0 = Debug|Any CPU
		{541EF360-565A-4980-A71E-7AB1031A1F22}.Release|Any CPU.ActiveCfg = Release|Any CPU
		{541EF360-565A-4980-A71E-7AB1031A1F22}.Release|Any CPU.Build.0 = Release|Any CPU
		{E177526B-ADE7-4FA0-A2AB-8CA67514AA59}.Debug|Any CPU.ActiveCfg = Debug|Any CPU
		{E177526B-ADE7-4FA0-A2AB-8CA67514AA59}.Debug|Any CPU.Build.0 = Debug|Any CPU
		{E177526B-ADE7-4FA0-A2AB-8CA67514AA59}.Release|Any CPU.ActiveCfg = Release|Any CPU
		{E177526B-ADE7-4FA0-A2AB-8CA67514AA59}.Release|Any CPU.Build.0 = Release|Any CPU
		{0B6A35F2-08AF-472C-91FE-0F75C1144D0F}.Debug|Any CPU.ActiveCfg = Debug|Any CPU
		{0B6A35F2-08AF-472C-91FE-0F75C1144D0F}.Debug|Any CPU.Build.0 = Debug|Any CPU
		{0B6A35F2-08AF-472C-91FE-0F75C1144D0F}.Release|Any CPU.ActiveCfg = Release|Any CPU
		{0B6A35F2-08AF-472C-91FE-0F75C1144D0F}.Release|Any CPU.Build.0 = Release|Any CPU
		{DCB4DE85-7C46-4AC0-8A9B-0607CA790F56}.Debug|Any CPU.ActiveCfg = Debug|Any CPU
		{DCB4DE85-7C46-4AC0-8A9B-0607CA790F56}.Debug|Any CPU.Build.0 = Debug|Any CPU
		{DCB4DE85-7C46-4AC0-8A9B-0607CA790F56}.Release|Any CPU.ActiveCfg = Release|Any CPU
		{DCB4DE85-7C46-4AC0-8A9B-0607CA790F56}.Release|Any CPU.Build.0 = Release|Any CPU
	EndGlobalSection
	GlobalSection(SolutionProperties) = preSolution
		HideSolutionNode = FALSE
	EndGlobalSection
	GlobalSection(NestedProjects) = preSolution
		{8A0C2810-BD5A-496E-A2B4-A3EA244D727B} = {9F3995E6-8B0E-40A3-B7DA-1DF7B8AE4717}
		{9F3995E6-8B0E-40A3-B7DA-1DF7B8AE4717} = {B2BBA8EE-F491-48AB-9E4C-AB246DE64F02}
		{E537453D-591E-4F49-A6B4-10D487226A5C} = {B2BBA8EE-F491-48AB-9E4C-AB246DE64F02}
		{7745D185-BF30-4A30-91DE-4F9896600AE8} = {B2BBA8EE-F491-48AB-9E4C-AB246DE64F02}
		{744442C0-4AB6-4E96-B6A3-9E47137EDAAC} = {B2BBA8EE-F491-48AB-9E4C-AB246DE64F02}
		{43BC1D8B-09C3-4DD5-B7DC-C84D84F093D9} = {B2BBA8EE-F491-48AB-9E4C-AB246DE64F02}
		{E1D9B6A5-D8AB-4649-ACA7-94A7D2F0E03E} = {E537453D-591E-4F49-A6B4-10D487226A5C}
		{E79B5923-AABD-42E2-A0B3-DCD64DC9EF3A} = {E537453D-591E-4F49-A6B4-10D487226A5C}
		{541EF360-565A-4980-A71E-7AB1031A1F22} = {7745D185-BF30-4A30-91DE-4F9896600AE8}
		{E177526B-ADE7-4FA0-A2AB-8CA67514AA59} = {744442C0-4AB6-4E96-B6A3-9E47137EDAAC}
		{0B6A35F2-08AF-472C-91FE-0F75C1144D0F} = {43BC1D8B-09C3-4DD5-B7DC-C84D84F093D9}
		{DCB4DE85-7C46-4AC0-8A9B-0607CA790F56} = {744442C0-4AB6-4E96-B6A3-9E47137EDAAC}
	EndGlobalSection
	GlobalSection(ExtensibilityGlobals) = postSolution
		SolutionGuid = {1EFF5F1F-7CA9-4257-A453-08C132B6ABF7}
	EndGlobalSection
EndGlobal
